
Microsoft Visual Studio Solution File, Format Version 12.00
# Visual Studio Version 16
VisualStudioVersion = 16.0.31205.134
MinimumVisualStudioVersion = 10.0.40219.1
Project("{FAE04EC0-301F-11D3-BF4B-00C04F79EFBC}") = "practica2", "practica2.csproj", "{2449645A-5BE8-4854-8C7B-8864B8B4143F}"
EndProject
Global
	GlobalSection(SolutionConfigurationPlatforms) = preSolution
		Debug|Any CPU = Debug|Any CPU
		Release|Any CPU = Release|Any CPU
	EndGlobalSection
	GlobalSection(ProjectConfigurationPlatforms) = postSolution
		{2449645A-5BE8-4854-8C7B-8864B8B4143F}.Debug|Any CPU.ActiveCfg = Debug|Any CPU
		{2449645A-5BE8-4854-8C7B-8864B8B4143F}.Debug|Any CPU.Build.0 = Debug|Any CPU
		{2449645A-5BE8-4854-8C7B-8864B8B4143F}.Release|Any CPU.ActiveCfg = Release|Any CPU
		{2449645A-5BE8-4854-8C7B-8864B8B4143F}.Release|Any CPU.Build.0 = Release|Any CPU
	EndGlobalSection
	GlobalSection(SolutionProperties) = preSolution
		HideSolutionNode = FALSE
	EndGlobalSection
	GlobalSection(ExtensibilityGlobals) = postSolution
		SolutionGuid = {7555656B-FEB1-4006-A38E-9CDB19C0403B}
	EndGlobalSection
EndGlobal
